<?xml version="1.0" encoding="utf-8"?>
<Project ToolsVersion="15.0" xmlns="http://schemas.microsoft.com/developer/msbuild/2003">
  <ItemGroup>
    <ClCompile Include="D:\BJTU\Python\openpose-master\src\openpose\3d\cameraParameterReader.cpp">
      <Filter>Source Files\3d</Filter>
    </ClCompile>
    <ClCompile Include="D:\BJTU\Python\openpose-master\src\openpose\3d\defineTemplates.cpp">
      <Filter>Source Files\3d</Filter>
    </ClCompile>
    <ClCompile Include="D:\BJTU\Python\openpose-master\src\openpose\3d\jointAngleEstimation.cpp">
      <Filter>Source Files\3d</Filter>
    </ClCompile>
    <ClCompile Include="D:\BJTU\Python\openpose-master\src\openpose\3d\poseTriangulation.cpp">
      <Filter>Source Files\3d</Filter>
    </ClCompile>
    <ClCompile Include="D:\BJTU\Python\openpose-master\src\openpose\3d\poseTriangulationPrivate.cpp">
      <Filter>Source Files\3d</Filter>
    </ClCompile>
    <ClCompile Include="D:\BJTU\Python\openpose-master\src\openpose\calibration\cameraParameterEstimation.cpp">
      <Filter>Source Files\calibration</Filter>
    </ClCompile>
    <ClCompile Include="D:\BJTU\Python\openpose-master\src\openpose\calibration\gridPatternFunctions.cpp">
      <Filter>Source Files\calibration</Filter>
    </ClCompile>
    <ClCompile Include="D:\BJTU\Python\openpose-master\src\openpose\core\array.cpp">
      <Filter>Source Files\core</Filter>
    </ClCompile>
    <ClCompile Include="D:\BJTU\Python\openpose-master\src\openpose\core\arrayCpuGpu.cpp">
      <Filter>Source Files\core</Filter>
    </ClCompile>
    <ClCompile Include="D:\BJTU\Python\openpose-master\src\openpose\core\cvMatToOpInput.cpp">
      <Filter>Source Files\core</Filter>
    </ClCompile>
    <ClCompile Include="D:\BJTU\Python\openpose-master\src\openpose\core\cvMatToOpOutput.cpp">
      <Filter>Source Files\core</Filter>
    </ClCompile>
    <ClCompile Include="D:\BJTU\Python\openpose-master\src\openpose\core\datum.cpp">
      <Filter>Source Files\core</Filter>
    </ClCompile>
    <ClCompile Include="D:\BJTU\Python\openpose-master\src\openpose\core\defineTemplates.cpp">
      <Filter>Source Files\core</Filter>
    </ClCompile>
    <ClCompile Include="D:\BJTU\Python\openpose-master\src\openpose\core\gpuRenderer.cpp">
      <Filter>Source Files\core</Filter>
    </ClCompile>
    <ClCompile Include="D:\BJTU\Python\openpose-master\src\openpose\core\keepTopNPeople.cpp">
      <Filter>Source Files\core</Filter>
    </ClCompile>
    <ClCompile Include="D:\BJTU\Python\openpose-master\src\openpose\core\keypointScaler.cpp">
      <Filter>Source Files\core</Filter>
    </ClCompile>
    <ClCompile Include="D:\BJTU\Python\openpose-master\src\openpose\core\matrix.cpp">
      <Filter>Source Files\core</Filter>
    </ClCompile>
    <ClCompile Include="D:\BJTU\Python\openpose-master\src\openpose\core\opOutputToCvMat.cpp">
      <Filter>Source Files\core</Filter>
    </ClCompile>
    <ClCompile Include="D:\BJTU\Python\openpose-master\src\openpose\core\point.cpp">
      <Filter>Source Files\core</Filter>
    </ClCompile>
    <ClCompile Include="D:\BJTU\Python\openpose-master\src\openpose\core\rectangle.cpp">
      <Filter>Source Files\core</Filter>
    </ClCompile>
    <ClCompile Include="D:\BJTU\Python\openpose-master\src\openpose\core\renderer.cpp">
      <Filter>Source Files\core</Filter>
    </ClCompile>
    <ClCompile Include="D:\BJTU\Python\openpose-master\src\openpose\core\scaleAndSizeExtractor.cpp">
      <Filter>Source Files\core</Filter>
    </ClCompile>
    <ClCompile Include="D:\BJTU\Python\openpose-master\src\openpose\core\string.cpp">
      <Filter>Source Files\core</Filter>
    </ClCompile>
    <ClCompile Include="D:\BJTU\Python\openpose-master\src\openpose\core\verbosePrinter.cpp">
      <Filter>Source Files\core</Filter>
    </ClCompile>
    <ClCompile Include="D:\BJTU\Python\openpose-master\src\openpose\face\defineTemplates.cpp">
      <Filter>Source Files\face</Filter>
    </ClCompile>
    <ClCompile Include="D:\BJTU\Python\openpose-master\src\openpose\face\faceDetector.cpp">
      <Filter>Source Files\face</Filter>
    </ClCompile>
    <ClCompile Include="D:\BJTU\Python\openpose-master\src\openpose\face\faceDetectorOpenCV.cpp">
      <Filter>Source Files\face</Filter>
    </ClCompile>
    <ClCompile Include="D:\BJTU\Python\openpose-master\src\openpose\face\faceExtractorCaffe.cpp">
      <Filter>Source Files\face</Filter>
    </ClCompile>
    <ClCompile Include="D:\BJTU\Python\openpose-master\src\openpose\face\faceExtractorNet.cpp">
      <Filter>Source Files\face</Filter>
    </ClCompile>
    <ClCompile Include="D:\BJTU\Python\openpose-master\src\openpose\face\faceCpuRenderer.cpp">
      <Filter>Source Files\face</Filter>
    </ClCompile>
    <ClCompile Include="D:\BJTU\Python\openpose-master\src\openpose\face\faceGpuRenderer.cpp">
      <Filter>Source Files\face</Filter>
    </ClCompile>
    <ClCompile Include="D:\BJTU\Python\openpose-master\src\openpose\face\faceRenderer.cpp">
      <Filter>Source Files\face</Filter>
    </ClCompile>
    <ClCompile Include="D:\BJTU\Python\openpose-master\src\openpose\face\renderFace.cpp">
      <Filter>Source Files\face</Filter>
    </ClCompile>
    <ClCompile Include="D:\BJTU\Python\openpose-master\src\openpose\filestream\bvhSaver.cpp">
      <Filter>Source Files\filestream</Filter>
    </ClCompile>
    <ClCompile Include="D:\BJTU\Python\openpose-master\src\openpose\filestream\cocoJsonSaver.cpp">
      <Filter>Source Files\filestream</Filter>
    </ClCompile>
    <ClCompile Include="D:\BJTU\Python\openpose-master\src\openpose\filestream\defineTemplates.cpp">
      <Filter>Source Files\filestream</Filter>
    </ClCompile>
    <ClCompile Include="D:\BJTU\Python\openpose-master\src\openpose\filestream\fileSaver.cpp">
      <Filter>Source Files\filestream</Filter>
    </ClCompile>
    <ClCompile Include="D:\BJTU\Python\openpose-master\src\openpose\filestream\fileStream.cpp">
      <Filter>Source Files\filestream</Filter>
    </ClCompile>
    <ClCompile Include="D:\BJTU\Python\openpose-master\src\openpose\filestream\heatMapSaver.cpp">
      <Filter>Source Files\filestream</Filter>
    </ClCompile>
    <ClCompile Include="D:\BJTU\Python\openpose-master\src\openpose\filestream\imageSaver.cpp">
      <Filter>Source Files\filestream</Filter>
    </ClCompile>
    <ClCompile Include="D:\BJTU\Python\openpose-master\src\openpose\filestream\jsonOfstream.cpp">
      <Filter>Source Files\filestream</Filter>
    </ClCompile>
    <ClCompile Include="D:\BJTU\Python\openpose-master\src\openpose\filestream\keypointSaver.cpp">
      <Filter>Source Files\filestream</Filter>
    </ClCompile>
    <ClCompile Include="D:\BJTU\Python\openpose-master\src\openpose\filestream\peopleJsonSaver.cpp">
      <Filter>Source Files\filestream</Filter>
    </ClCompile>
    <ClCompile Include="D:\BJTU\Python\openpose-master\src\openpose\filestream\udpSender.cpp">
      <Filter>Source Files\filestream</Filter>
    </ClCompile>
    <ClCompile Include="D:\BJTU\Python\openpose-master\src\openpose\filestream\videoSaver.cpp">
      <Filter>Source Files\filestream</Filter>
    </ClCompile>
    <ClCompile Include="D:\BJTU\Python\openpose-master\src\openpose\gpu\cuda.cpp">
      <Filter>Source Files\gpu</Filter>
    </ClCompile>
    <ClCompile Include="D:\BJTU\Python\openpose-master\src\openpose\gpu\gpu.cpp">
      <Filter>Source Files\gpu</Filter>
    </ClCompile>
    <ClCompile Include="D:\BJTU\Python\openpose-master\src\openpose\gpu\opencl.cpp">
      <Filter>Source Files\gpu</Filter>
    </ClCompile>
    <ClCompile Include="D:\BJTU\Python\openpose-master\src\openpose\gui\defineTemplates.cpp">
      <Filter>Source Files\gui</Filter>
    </ClCompile>
    <ClCompile Include="D:\BJTU\Python\openpose-master\src\openpose\gui\frameDisplayer.cpp">
      <Filter>Source Files\gui</Filter>
    </ClCompile>
    <ClCompile Include="D:\BJTU\Python\openpose-master\src\openpose\gui\gui.cpp">
      <Filter>Source Files\gui</Filter>
    </ClCompile>
    <ClCompile Include="D:\BJTU\Python\openpose-master\src\openpose\gui\guiAdam.cpp">
      <Filter>Source Files\gui</Filter>
    </ClCompile>
    <ClCompile Include="D:\BJTU\Python\openpose-master\src\openpose\gui\gui3D.cpp">
      <Filter>Source Files\gui</Filter>
    </ClCompile>
    <ClCompile Include="D:\BJTU\Python\openpose-master\src\openpose\gui\guiInfoAdder.cpp">
      <Filter>Source Files\gui</Filter>
    </ClCompile>
    <ClCompile Include="D:\BJTU\Python\openpose-master\src\openpose\hand\defineTemplates.cpp">
      <Filter>Source Files\hand</Filter>
    </ClCompile>
    <ClCompile Include="D:\BJTU\Python\openpose-master\src\openpose\hand\handDetector.cpp">
      <Filter>Source Files\hand</Filter>
    </ClCompile>
    <ClCompile Include="D:\BJTU\Python\openpose-master\src\openpose\hand\handDetectorFromTxt.cpp">
      <Filter>Source Files\hand</Filter>
    </ClCompile>
    <ClCompile Include="D:\BJTU\Python\openpose-master\src\openpose\hand\handExtractorCaffe.cpp">
      <Filter>Source Files\hand</Filter>
    </ClCompile>
    <ClCompile Include="D:\BJTU\Python\openpose-master\src\openpose\hand\handExtractorNet.cpp">
      <Filter>Source Files\hand</Filter>
    </ClCompile>
    <ClCompile Include="D:\BJTU\Python\openpose-master\src\openpose\hand\handCpuRenderer.cpp">
      <Filter>Source Files\hand</Filter>
    </ClCompile>
    <ClCompile Include="D:\BJTU\Python\openpose-master\src\openpose\hand\handGpuRenderer.cpp">
      <Filter>Source Files\hand</Filter>
    </ClCompile>
    <ClCompile Include="D:\BJTU\Python\openpose-master\src\openpose\hand\handRenderer.cpp">
      <Filter>Source Files\hand</Filter>
    </ClCompile>
    <ClCompile Include="D:\BJTU\Python\openpose-master\src\openpose\hand\renderHand.cpp">
      <Filter>Source Files\hand</Filter>
    </ClCompile>
    <ClCompile Include="D:\BJTU\Python\openpose-master\src\openpose\net\bodyPartConnectorBase.cpp">
      <Filter>Source Files\net</Filter>
    </ClCompile>
    <ClCompile Include="D:\BJTU\Python\openpose-master\src\openpose\net\bodyPartConnectorBaseCL.cpp">
      <Filter>Source Files\net</Filter>
    </ClCompile>
    <ClCompile Include="D:\BJTU\Python\openpose-master\src\openpose\net\bodyPartConnectorCaffe.cpp">
      <Filter>Source Files\net</Filter>
    </ClCompile>
    <ClCompile Include="D:\BJTU\Python\openpose-master\src\openpose\net\maximumBase.cpp">
      <Filter>Source Files\net</Filter>
    </ClCompile>
    <ClCompile Include="D:\BJTU\Python\openpose-master\src\openpose\net\maximumCaffe.cpp">
      <Filter>Source Files\net</Filter>
    </ClCompile>
    <ClCompile Include="D:\BJTU\Python\openpose-master\src\openpose\net\netCaffe.cpp">
      <Filter>Source Files\net</Filter>
    </ClCompile>
    <ClCompile Include="D:\BJTU\Python\openpose-master\src\openpose\net\netOpenCv.cpp">
      <Filter>Source Files\net</Filter>
    </ClCompile>
    <ClCompile Include="D:\BJTU\Python\openpose-master\src\openpose\net\nmsBase.cpp">
      <Filter>Source Files\net</Filter>
    </ClCompile>
    <ClCompile Include="D:\BJTU\Python\openpose-master\src\openpose\net\nmsBaseCL.cpp">
      <Filter>Source Files\net</Filter>
    </ClCompile>
    <ClCompile Include="D:\BJTU\Python\openpose-master\src\openpose\net\nmsCaffe.cpp">
      <Filter>Source Files\net</Filter>
    </ClCompile>
    <ClCompile Include="D:\BJTU\Python\openpose-master\src\openpose\net\resizeAndMergeBase.cpp">
      <Filter>Source Files\net</Filter>
    </ClCompile>
    <ClCompile Include="D:\BJTU\Python\openpose-master\src\openpose\net\resizeAndMergeBaseCL.cpp">
      <Filter>Source Files\net</Filter>
    </ClCompile>
    <ClCompile Include="D:\BJTU\Python\openpose-master\src\openpose\net\resizeAndMergeCaffe.cpp">
      <Filter>Source Files\net</Filter>
    </ClCompile>
    <ClCompile Include="D:\BJTU\Python\openpose-master\src\openpose\pose\defineTemplates.cpp">
      <Filter>Source Files\pose</Filter>
    </ClCompile>
    <ClCompile Include="D:\BJTU\Python\openpose-master\src\openpose\pose\poseCpuRenderer.cpp">
      <Filter>Source Files\pose</Filter>
    </ClCompile>
    <ClCompile Include="D:\BJTU\Python\openpose-master\src\openpose\pose\poseExtractor.cpp">
      <Filter>Source Files\pose</Filter>
    </ClCompile>
    <ClCompile Include="D:\BJTU\Python\openpose-master\src\openpose\pose\poseExtractorCaffe.cpp">
      <Filter>Source Files\pose</Filter>
    </ClCompile>
    <ClCompile Include="D:\BJTU\Python\openpose-master\src\openpose\pose\poseExtractorNet.cpp">
      <Filter>Source Files\pose</Filter>
    </ClCompile>
    <ClCompile Include="D:\BJTU\Python\openpose-master\src\openpose\pose\poseGpuRenderer.cpp">
      <Filter>Source Files\pose</Filter>
    </ClCompile>
    <ClCompile Include="D:\BJTU\Python\openpose-master\src\openpose\pose\poseParameters.cpp">
      <Filter>Source Files\pose</Filter>
    </ClCompile>
    <ClCompile Include="D:\BJTU\Python\openpose-master\src\openpose\pose\poseParametersRender.cpp">
      <Filter>Source Files\pose</Filter>
    </ClCompile>
    <ClCompile Include="D:\BJTU\Python\openpose-master\src\openpose\pose\poseRenderer.cpp">
      <Filter>Source Files\pose</Filter>
    </ClCompile>
    <ClCompile Include="D:\BJTU\Python\openpose-master\src\openpose\pose\renderPose.cpp">
      <Filter>Source Files\pose</Filter>
    </ClCompile>
    <ClCompile Include="D:\BJTU\Python\openpose-master\src\openpose\producer\datumProducer.cpp">
      <Filter>Source Files\producer</Filter>
    </ClCompile>
    <ClCompile Include="D:\BJTU\Python\openpose-master\src\openpose\producer\defineTemplates.cpp">
      <Filter>Source Files\producer</Filter>
    </ClCompile>
    <ClCompile Include="D:\BJTU\Python\openpose-master\src\openpose\producer\flirReader.cpp">
      <Filter>Source Files\producer</Filter>
    </ClCompile>
    <ClCompile Include="D:\BJTU\Python\openpose-master\src\openpose\producer\imageDirectoryReader.cpp">
      <Filter>Source Files\producer</Filter>
    </ClCompile>
    <ClCompile Include="D:\BJTU\Python\openpose-master\src\openpose\producer\ipCameraReader.cpp">
      <Filter>Source Files\producer</Filter>
    </ClCompile>
    <ClCompile Include="D:\BJTU\Python\openpose-master\src\openpose\producer\producer.cpp">
      <Filter>Source Files\producer</Filter>
    </ClCompile>
    <ClCompile Include="D:\BJTU\Python\openpose-master\src\openpose\producer\spinnakerWrapper.cpp">
      <Filter>Source Files\producer</Filter>
    </ClCompile>
    <ClCompile Include="D:\BJTU\Python\openpose-master\src\openpose\producer\videoCaptureReader.cpp">
      <Filter>Source Files\producer</Filter>
    </ClCompile>
    <ClCompile Include="D:\BJTU\Python\openpose-master\src\openpose\producer\videoReader.cpp">
      <Filter>Source Files\producer</Filter>
    </ClCompile>
    <ClCompile Include="D:\BJTU\Python\openpose-master\src\openpose\producer\webcamReader.cpp">
      <Filter>Source Files\producer</Filter>
    </ClCompile>
    <ClCompile Include="D:\BJTU\Python\openpose-master\src\openpose\thread\defineTemplates.cpp">
      <Filter>Source Files\thread</Filter>
    </ClCompile>
    <ClCompile Include="D:\BJTU\Python\openpose-master\src\openpose\tracking\defineTemplates.cpp">
      <Filter>Source Files\tracking</Filter>
    </ClCompile>
    <ClCompile Include="D:\BJTU\Python\openpose-master\src\openpose\tracking\personIdExtractor.cpp">
      <Filter>Source Files\tracking</Filter>
    </ClCompile>
    <ClCompile Include="D:\BJTU\Python\openpose-master\src\openpose\tracking\personTracker.cpp">
      <Filter>Source Files\tracking</Filter>
    </ClCompile>
    <ClCompile Include="D:\BJTU\Python\openpose-master\src\openpose\tracking\pyramidalLK.cpp">
      <Filter>Source Files\tracking</Filter>
    </ClCompile>
    <ClCompile Include="D:\BJTU\Python\openpose-master\src\openpose\unity\unityBinding.cpp">
      <Filter>Source Files\unity</Filter>
    </ClCompile>
    <ClCompile Include="D:\BJTU\Python\openpose-master\src\openpose\utilities\errorAndLog.cpp">
      <Filter>Source Files\utilities</Filter>
    </ClCompile>
    <ClCompile Include="D:\BJTU\Python\openpose-master\src\openpose\utilities\fileSystem.cpp">
      <Filter>Source Files\utilities</Filter>
    </ClCompile>
    <ClCompile Include="D:\BJTU\Python\openpose-master\src\openpose\utilities\flagsToOpenPose.cpp">
      <Filter>Source Files\utilities</Filter>
    </ClCompile>
    <ClCompile Include="D:\BJTU\Python\openpose-master\src\openpose\utilities\keypoint.cpp">
      <Filter>Source Files\utilities</Filter>
    </ClCompile>
    <ClCompile Include="D:\BJTU\Python\openpose-master\src\openpose\utilities\openCv.cpp">
      <Filter>Source Files\utilities</Filter>
    </ClCompile>
    <ClCompile Include="D:\BJTU\Python\openpose-master\src\openpose\utilities\openCvPrivate.cpp">
      <Filter>Source Files\utilities</Filter>
    </ClCompile>
    <ClCompile Include="D:\BJTU\Python\openpose-master\src\openpose\utilities\profiler.cpp">
      <Filter>Source Files\utilities</Filter>
    </ClCompile>
    <ClCompile Include="D:\BJTU\Python\openpose-master\src\openpose\utilities\string.cpp">
      <Filter>Source Files\utilities</Filter>
    </ClCompile>
    <ClCompile Include="D:\BJTU\Python\openpose-master\src\openpose\wrapper\defineTemplates.cpp">
      <Filter>Source Files\wrapper</Filter>
    </ClCompile>
    <ClCompile Include="D:\BJTU\Python\openpose-master\src\openpose\wrapper\wrapperAuxiliary.cpp">
      <Filter>Source Files\wrapper</Filter>
    </ClCompile>
    <ClCompile Include="D:\BJTU\Python\openpose-master\src\openpose\wrapper\wrapperStructExtra.cpp">
      <Filter>Source Files\wrapper</Filter>
    </ClCompile>
    <ClCompile Include="D:\BJTU\Python\openpose-master\src\openpose\wrapper\wrapperStructFace.cpp">
      <Filter>Source Files\wrapper</Filter>
    </ClCompile>
    <ClCompile Include="D:\BJTU\Python\openpose-master\src\openpose\wrapper\wrapperStructGui.cpp">
      <Filter>Source Files\wrapper</Filter>
    </ClCompile>
    <ClCompile Include="D:\BJTU\Python\openpose-master\src\openpose\wrapper\wrapperStructHand.cpp">
      <Filter>Source Files\wrapper</Filter>
    </ClCompile>
    <ClCompile Include="D:\BJTU\Python\openpose-master\src\openpose\wrapper\wrapperStructInput.cpp">
      <Filter>Source Files\wrapper</Filter>
    </ClCompile>
    <ClCompile Include="D:\BJTU\Python\openpose-master\src\openpose\wrapper\wrapperStructOutput.cpp">
      <Filter>Source Files\wrapper</Filter>
    </ClCompile>
    <ClCompile Include="D:\BJTU\Python\openpose-master\src\openpose\wrapper\wrapperStructPose.cpp">
      <Filter>Source Files\wrapper</Filter>
    </ClCompile>
  </ItemGroup>
  <ItemGroup>
    <CustomBuild Include="D:\BJTU\Python\openpose-master\src\openpose\face\renderFace.cu">
      <Filter>Source Files\face</Filter>
    </CustomBuild>
    <CustomBuild Include="D:\BJTU\Python\openpose-master\src\openpose\gpu\cuda.cu">
      <Filter>Source Files\gpu</Filter>
    </CustomBuild>
    <CustomBuild Include="D:\BJTU\Python\openpose-master\src\openpose\hand\renderHand.cu">
      <Filter>Source Files\hand</Filter>
    </CustomBuild>
    <CustomBuild Include="D:\BJTU\Python\openpose-master\src\openpose\net\bodyPartConnectorBase.cu">
      <Filter>Source Files\net</Filter>
    </CustomBuild>
    <CustomBuild Include="D:\BJTU\Python\openpose-master\src\openpose\net\maximumBase.cu">
      <Filter>Source Files\net</Filter>
    </CustomBuild>
    <CustomBuild Include="D:\BJTU\Python\openpose-master\src\openpose\net\nmsBase.cu">
      <Filter>Source Files\net</Filter>
    </CustomBuild>
    <CustomBuild Include="D:\BJTU\Python\openpose-master\src\openpose\net\resizeAndMergeBase.cu">
      <Filter>Source Files\net</Filter>
    </CustomBuild>
    <CustomBuild Include="D:\BJTU\Python\openpose-master\src\openpose\pose\renderPose.cu">
      <Filter>Source Files\pose</Filter>
    </CustomBuild>
    <CustomBuild Include="D:\BJTU\Python\openpose-master\src\openpose\tracking\pyramidalLK.cu">
      <Filter>Source Files\tracking</Filter>
    </CustomBuild>
  </ItemGroup>
  <ItemGroup>
    <Object Include="D:\BJTU\Python\openpose-master\build-2017\src\openpose\CMakeFiles\openpose.dir\face\$(Configuration)\openpose_generated_renderFace.cu.obj">
      <Filter>Object Files</Filter>
    </Object>
    <Object Include="D:\BJTU\Python\openpose-master\build-2017\src\openpose\CMakeFiles\openpose.dir\gpu\$(Configuration)\openpose_generated_cuda.cu.obj">
      <Filter>Object Files</Filter>
    </Object>
    <Object Include="D:\BJTU\Python\openpose-master\build-2017\src\openpose\CMakeFiles\openpose.dir\hand\$(Configuration)\openpose_generated_renderHand.cu.obj">
      <Filter>Object Files</Filter>
    </Object>
    <Object Include="D:\BJTU\Python\openpose-master\build-2017\src\openpose\CMakeFiles\openpose.dir\net\$(Configuration)\openpose_generated_bodyPartConnectorBase.cu.obj">
      <Filter>Object Files</Filter>
    </Object>
    <Object Include="D:\BJTU\Python\openpose-master\build-2017\src\openpose\CMakeFiles\openpose.dir\net\$(Configuration)\openpose_generated_maximumBase.cu.obj">
      <Filter>Object Files</Filter>
    </Object>
    <Object Include="D:\BJTU\Python\openpose-master\build-2017\src\openpose\CMakeFiles\openpose.dir\net\$(Configuration)\openpose_generated_nmsBase.cu.obj">
      <Filter>Object Files</Filter>
    </Object>
    <Object Include="D:\BJTU\Python\openpose-master\build-2017\src\openpose\CMakeFiles\openpose.dir\net\$(Configuration)\openpose_generated_resizeAndMergeBase.cu.obj">
      <Filter>Object Files</Filter>
    </Object>
    <Object Include="D:\BJTU\Python\openpose-master\build-2017\src\openpose\CMakeFiles\openpose.dir\pose\$(Configuration)\openpose_generated_renderPose.cu.obj">
      <Filter>Object Files</Filter>
    </Object>
    <Object Include="D:\BJTU\Python\openpose-master\build-2017\src\openpose\CMakeFiles\openpose.dir\tracking\$(Configuration)\openpose_generated_pyramidalLK.cu.obj">
      <Filter>Object Files</Filter>
    </Object>
  </ItemGroup>
  <ItemGroup>
    <Filter Include="Object Files">
      <UniqueIdentifier>{3D487C5D-CBB9-3D85-9454-D0197383D2CC}</UniqueIdentifier>
    </Filter>
    <Filter Include="Source Files">
      <UniqueIdentifier>{042BAF21-05DD-3C84-BBD0-ACB47EE7BBE2}</UniqueIdentifier>
    </Filter>
    <Filter Include="Source Files\3d">
      <UniqueIdentifier>{1B0D5BF2-4345-3E56-BBEB-D9B8478EA9AE}</UniqueIdentifier>
    </Filter>
    <Filter Include="Source Files\calibration">
      <UniqueIdentifier>{45A9B9E9-3249-395D-B7D2-A3FD08E11F8A}</UniqueIdentifier>
    </Filter>
    <Filter Include="Source Files\core">
      <UniqueIdentifier>{5D38F946-A2A5-3DD3-9EE3-F0CD3A733C45}</UniqueIdentifier>
    </Filter>
    <Filter Include="Source Files\face">
      <UniqueIdentifier>{9CD48642-C5C4-3E80-9C6F-681667546CB6}</UniqueIdentifier>
    </Filter>
    <Filter Include="Source Files\filestream">
      <UniqueIdentifier>{E500327A-537C-31F6-AD2C-0E903D61D58F}</UniqueIdentifier>
    </Filter>
    <Filter Include="Source Files\gpu">
      <UniqueIdentifier>{FF81EAEB-DEFF-3EEB-BA18-AD4427EC2A41}</UniqueIdentifier>
    </Filter>
    <Filter Include="Source Files\gui">
      <UniqueIdentifier>{3EC37D4B-2496-329F-A69A-54C0C9B000C7}</UniqueIdentifier>
    </Filter>
    <Filter Include="Source Files\hand">
      <UniqueIdentifier>{499C337C-B8FB-3E0B-B828-E950E8D9148C}</UniqueIdentifier>
    </Filter>
    <Filter Include="Source Files\net">
      <UniqueIdentifier>{F5787376-9267-3D91-B068-9C9937442900}</UniqueIdentifier>
    </Filter>
    <Filter Include="Source Files\pose">
      <UniqueIdentifier>{E3EEAC89-B4B9-3FE7-A2F5-47FD71146855}</UniqueIdentifier>
    </Filter>
    <Filter Include="Source Files\producer">
      <UniqueIdentifier>{F7B3BC92-64F3-38E5-AF03-289449AEAF91}</UniqueIdentifier>
    </Filter>
    <Filter Include="Source Files\thread">
      <UniqueIdentifier>{0426A2DD-308F-3958-9454-D3330B219C49}</UniqueIdentifier>
    </Filter>
    <Filter Include="Source Files\tracking">
      <UniqueIdentifier>{832643C6-ED5C-353C-8556-883AEA62F227}</UniqueIdentifier>
    </Filter>
    <Filter Include="Source Files\unity">
      <UniqueIdentifier>{20526D9B-DD6E-33D2-A01C-64D3D4FDCA35}</UniqueIdentifier>
    </Filter>
    <Filter Include="Source Files\utilities">
      <UniqueIdentifier>{00825F72-9DED-3815-ABF2-8C90F1504DB3}</UniqueIdentifier>
    </Filter>
    <Filter Include="Source Files\wrapper">
      <UniqueIdentifier>{3DF4CE46-C7C4-3B11-A6B4-386644B19F6E}</UniqueIdentifier>
    </Filter>
  </ItemGroup>
</Project>
