
Microsoft Visual Studio Solution File, Format Version 12.00
# Visual Studio 15
Project("{2150E333-8FDC-42A3-9474-1A3956D46DE8}") = "CMakePredefinedTargets", "CMakePredefinedTargets", "{627A9EC6-7F6A-39D5-AC38-33089FAAA6D3}"
EndProject
Project("{2150E333-8FDC-42A3-9474-1A3956D46DE8}") = "Examples", "Examples", "{C7E00158-624E-39D9-9C82-316A8D460528}"
EndProject
Project("{2150E333-8FDC-42A3-9474-1A3956D46DE8}") = "Tutorial", "Examples\Tutorial", "{EE30986F-9B8D-3C10-AF28-3605E85D0E3C}"
EndProject
Project("{2150E333-8FDC-42A3-9474-1A3956D46DE8}") = "AddModule", "Examples\Tutorial\AddModule", "{3715A0A1-1E19-389C-82EA-12D575BFA578}"
EndProject
Project("{2150E333-8FDC-42A3-9474-1A3956D46DE8}") = "C++ API", "Examples\Tutorial\C++ API", "{97FBEAA6-73CA-3FA8-B2C7-5D325CF9FF1D}"
EndProject
Project("{2150E333-8FDC-42A3-9474-1A3956D46DE8}") = "Thread API", "Examples\Tutorial\Thread API", "{FFFDA694-B89D-342C-99FD-4D46A64BCE03}"
EndProject
Project("{2150E333-8FDC-42A3-9474-1A3956D46DE8}") = "OpenPose library", "OpenPose library", "{5ACEAFF9-2787-36DF-A122-544C1DCBA10C}"
EndProject
Project("{8BC9CEB8-8B4A-11D0-8D11-00A0C91BC942}") = "OpenPoseDemo", "examples\openpose\OpenPoseDemo.vcxproj", "{FD3A762F-668D-3B2B-BE06-1AB934A7FE7E}"
	ProjectSection(ProjectDependencies) = postProject
		{A7EA9470-80A6-34D2-A73F-40B5F620B75B} = {A7EA9470-80A6-34D2-A73F-40B5F620B75B}
	EndProjectSection
EndProject
Project("{8BC9CEB8-8B4A-11D0-8D11-00A0C91BC942}") = "01_body_from_image_default", "examples\tutorial_api_cpp\01_body_from_image_default.vcxproj", "{5D8E9189-05C6-34F3-A4E2-8713A3C8537E}"
	ProjectSection(ProjectDependencies) = postProject
		{A7EA9470-80A6-34D2-A73F-40B5F620B75B} = {A7EA9470-80A6-34D2-A73F-40B5F620B75B}
	EndProjectSection
EndProject
Project("{8BC9CEB8-8B4A-11D0-8D11-00A0C91BC942}") = "02_whole_body_from_image_default", "examples\tutorial_api_cpp\02_whole_body_from_image_default.vcxproj", "{D2A5968D-8CCF-3C4E-B587-F2ACC3B96F38}"
	ProjectSection(ProjectDependencies) = postProject
		{A7EA9470-80A6-34D2-A73F-40B5F620B75B} = {A7EA9470-80A6-34D2-A73F-40B5F620B75B}
	EndProjectSection
EndProject
Project("{8BC9CEB8-8B4A-11D0-8D11-00A0C91BC942}") = "03_keypoints_from_image", "examples\tutorial_api_cpp\03_keypoints_from_image.vcxproj", "{75584824-2A5F-3172-AD57-F19C98E43ACA}"
	ProjectSection(ProjectDependencies) = postProject
		{A7EA9470-80A6-34D2-A73F-40B5F620B75B} = {A7EA9470-80A6-34D2-A73F-40B5F620B75B}
	EndProjectSection
EndProject
Project("{8BC9CEB8-8B4A-11D0-8D11-00A0C91BC942}") = "04_keypoints_from_images", "examples\tutorial_api_cpp\04_keypoints_from_images.vcxproj", "{271951E6-1C8C-33C1-981D-783A3B02BA07}"
	ProjectSection(ProjectDependencies) = postProject
		{A7EA9470-80A6-34D2-A73F-40B5F620B75B} = {A7EA9470-80A6-34D2-A73F-40B5F620B75B}
	EndProjectSection
EndProject
Project("{8BC9CEB8-8B4A-11D0-8D11-00A0C91BC942}") = "05_keypoints_from_images_multi_gpu", "examples\tutorial_api_cpp\05_keypoints_from_images_multi_gpu.vcxproj", "{EEC9366B-9078-3EEA-905D-9E1019445962}"
	ProjectSection(ProjectDependencies) = postProject
		{A7EA9470-80A6-34D2-A73F-40B5F620B75B} = {A7EA9470-80A6-34D2-A73F-40B5F620B75B}
	EndProjectSection
EndProject
Project("{8BC9CEB8-8B4A-11D0-8D11-00A0C91BC942}") = "06_face_from_image", "examples\tutorial_api_cpp\06_face_from_image.vcxproj", "{9AF1546D-FB88-3A08-A407-45A482BE8EAB}"
	ProjectSection(ProjectDependencies) = postProject
		{A7EA9470-80A6-34D2-A73F-40B5F620B75B} = {A7EA9470-80A6-34D2-A73F-40B5F620B75B}
	EndProjectSection
EndProject
Project("{8BC9CEB8-8B4A-11D0-8D11-00A0C91BC942}") = "07_hand_from_image", "examples\tutorial_api_cpp\07_hand_from_image.vcxproj", "{28B7E283-11CE-38B1-AE1A-EF9FD2FF6F39}"
	ProjectSection(ProjectDependencies) = postProject
		{A7EA9470-80A6-34D2-A73F-40B5F620B75B} = {A7EA9470-80A6-34D2-A73F-40B5F620B75B}
	EndProjectSection
EndProject
Project("{8BC9CEB8-8B4A-11D0-8D11-00A0C91BC942}") = "08_heatmaps_from_image", "examples\tutorial_api_cpp\08_heatmaps_from_image.vcxproj", "{55E3E58F-DC57-3F14-A3D1-C04D57B6A289}"
	ProjectSection(ProjectDependencies) = postProject
		{A7EA9470-80A6-34D2-A73F-40B5F620B75B} = {A7EA9470-80A6-34D2-A73F-40B5F620B75B}
	EndProjectSection
EndProject
Project("{8BC9CEB8-8B4A-11D0-8D11-00A0C91BC942}") = "09_keypoints_from_heatmaps", "examples\tutorial_api_cpp\09_keypoints_from_heatmaps.vcxproj", "{5509C517-EB61-3755-89BD-6684706E6832}"
	ProjectSection(ProjectDependencies) = postProject
		{A7EA9470-80A6-34D2-A73F-40B5F620B75B} = {A7EA9470-80A6-34D2-A73F-40B5F620B75B}
	EndProjectSection
EndProject
Project("{8BC9CEB8-8B4A-11D0-8D11-00A0C91BC942}") = "10_asynchronous_custom_input", "examples\tutorial_api_cpp\10_asynchronous_custom_input.vcxproj", "{4EF89EB0-9A1D-3DD1-A3D3-155C4ACC09C8}"
	ProjectSection(ProjectDependencies) = postProject
		{A7EA9470-80A6-34D2-A73F-40B5F620B75B} = {A7EA9470-80A6-34D2-A73F-40B5F620B75B}
	EndProjectSection
EndProject
Project("{8BC9CEB8-8B4A-11D0-8D11-00A0C91BC942}") = "11_asynchronous_custom_input_multi_camera", "examples\tutorial_api_cpp\11_asynchronous_custom_input_multi_camera.vcxproj", "{D4E53486-C21F-323C-9980-92CA1222E699}"
	ProjectSection(ProjectDependencies) = postProject
		{A7EA9470-80A6-34D2-A73F-40B5F620B75B} = {A7EA9470-80A6-34D2-A73F-40B5F620B75B}
	EndProjectSection
EndProject
Project("{8BC9CEB8-8B4A-11D0-8D11-00A0C91BC942}") = "12_asynchronous_custom_output", "examples\tutorial_api_cpp\12_asynchronous_custom_output.vcxproj", "{287F3580-8C0A-3432-918D-ADB876C6170C}"
	ProjectSection(ProjectDependencies) = postProject
		{A7EA9470-80A6-34D2-A73F-40B5F620B75B} = {A7EA9470-80A6-34D2-A73F-40B5F620B75B}
	EndProjectSection
EndProject
Project("{8BC9CEB8-8B4A-11D0-8D11-00A0C91BC942}") = "13_asynchronous_custom_input_output_and_datum", "examples\tutorial_api_cpp\13_asynchronous_custom_input_output_and_datum.vcxproj", "{DEAAFF83-74BD-3F98-8755-2D79948C0D9A}"
	ProjectSection(ProjectDependencies) = postProject
		{A7EA9470-80A6-34D2-A73F-40B5F620B75B} = {A7EA9470-80A6-34D2-A73F-40B5F620B75B}
	EndProjectSection
EndProject
Project("{8BC9CEB8-8B4A-11D0-8D11-00A0C91BC942}") = "14_synchronous_custom_input", "examples\tutorial_api_cpp\14_synchronous_custom_input.vcxproj", "{D0D9F45D-0B50-3DA0-8CFE-0DC66AFD5A5F}"
	ProjectSection(ProjectDependencies) = postProject
		{A7EA9470-80A6-34D2-A73F-40B5F620B75B} = {A7EA9470-80A6-34D2-A73F-40B5F620B75B}
	EndProjectSection
EndProject
Project("{8BC9CEB8-8B4A-11D0-8D11-00A0C91BC942}") = "15_synchronous_custom_preprocessing", "examples\tutorial_api_cpp\15_synchronous_custom_preprocessing.vcxproj", "{F20445FF-B3B9-3A04-8E64-7092DC57175C}"
	ProjectSection(ProjectDependencies) = postProject
		{A7EA9470-80A6-34D2-A73F-40B5F620B75B} = {A7EA9470-80A6-34D2-A73F-40B5F620B75B}
	EndProjectSection
EndProject
Project("{8BC9CEB8-8B4A-11D0-8D11-00A0C91BC942}") = "16_synchronous_custom_postprocessing", "examples\tutorial_api_cpp\16_synchronous_custom_postprocessing.vcxproj", "{53982123-D444-3CB9-BF2F-A99748470C69}"
	ProjectSection(ProjectDependencies) = postProject
		{A7EA9470-80A6-34D2-A73F-40B5F620B75B} = {A7EA9470-80A6-34D2-A73F-40B5F620B75B}
	EndProjectSection
EndProject
Project("{8BC9CEB8-8B4A-11D0-8D11-00A0C91BC942}") = "17_synchronous_custom_output", "examples\tutorial_api_cpp\17_synchronous_custom_output.vcxproj", "{AD608E28-4AD5-36A5-B5E6-DF4269F667B5}"
	ProjectSection(ProjectDependencies) = postProject
		{A7EA9470-80A6-34D2-A73F-40B5F620B75B} = {A7EA9470-80A6-34D2-A73F-40B5F620B75B}
	EndProjectSection
EndProject
Project("{8BC9CEB8-8B4A-11D0-8D11-00A0C91BC942}") = "18_synchronous_custom_all_and_datum", "examples\tutorial_api_cpp\18_synchronous_custom_all_and_datum.vcxproj", "{4085AC6D-929C-3517-AF9F-A3CCDB89F06E}"
	ProjectSection(ProjectDependencies) = postProject
		{A7EA9470-80A6-34D2-A73F-40B5F620B75B} = {A7EA9470-80A6-34D2-A73F-40B5F620B75B}
	EndProjectSection
EndProject
Project("{8BC9CEB8-8B4A-11D0-8D11-00A0C91BC942}") = "1_custom_post_processing", "examples\tutorial_add_module\1_custom_post_processing.vcxproj", "{CFFE770E-D009-366A-B038-326CECEDF428}"
	ProjectSection(ProjectDependencies) = postProject
		{A7EA9470-80A6-34D2-A73F-40B5F620B75B} = {A7EA9470-80A6-34D2-A73F-40B5F620B75B}
	EndProjectSection
EndProject
Project("{8BC9CEB8-8B4A-11D0-8D11-00A0C91BC942}") = "1_thread_user_processing_function", "examples\tutorial_api_thread\1_thread_user_processing_function.vcxproj", "{FEEDE782-93EF-3C19-88B1-617151419F17}"
	ProjectSection(ProjectDependencies) = postProject
		{A7EA9470-80A6-34D2-A73F-40B5F620B75B} = {A7EA9470-80A6-34D2-A73F-40B5F620B75B}
	EndProjectSection
EndProject
Project("{8BC9CEB8-8B4A-11D0-8D11-00A0C91BC942}") = "2_thread_user_input_processing_output_and_datum", "examples\tutorial_api_thread\2_thread_user_input_processing_output_and_datum.vcxproj", "{BB4492F8-A7D7-376F-8C12-F133D7E99857}"
	ProjectSection(ProjectDependencies) = postProject
		{A7EA9470-80A6-34D2-A73F-40B5F620B75B} = {A7EA9470-80A6-34D2-A73F-40B5F620B75B}
	EndProjectSection
EndProject
Project("{8BC9CEB8-8B4A-11D0-8D11-00A0C91BC942}") = "ALL_BUILD", "ALL_BUILD.vcxproj", "{122B98FA-1CE8-3F5C-941A-0FCB757B1C38}"
	ProjectSection(ProjectDependencies) = postProject
		{5D8E9189-05C6-34F3-A4E2-8713A3C8537E} = {5D8E9189-05C6-34F3-A4E2-8713A3C8537E}
		{D2A5968D-8CCF-3C4E-B587-F2ACC3B96F38} = {D2A5968D-8CCF-3C4E-B587-F2ACC3B96F38}
		{75584824-2A5F-3172-AD57-F19C98E43ACA} = {75584824-2A5F-3172-AD57-F19C98E43ACA}
		{271951E6-1C8C-33C1-981D-783A3B02BA07} = {271951E6-1C8C-33C1-981D-783A3B02BA07}
		{EEC9366B-9078-3EEA-905D-9E1019445962} = {EEC9366B-9078-3EEA-905D-9E1019445962}
		{9AF1546D-FB88-3A08-A407-45A482BE8EAB} = {9AF1546D-FB88-3A08-A407-45A482BE8EAB}
		{28B7E283-11CE-38B1-AE1A-EF9FD2FF6F39} = {28B7E283-11CE-38B1-AE1A-EF9FD2FF6F39}
		{55E3E58F-DC57-3F14-A3D1-C04D57B6A289} = {55E3E58F-DC57-3F14-A3D1-C04D57B6A289}
		{5509C517-EB61-3755-89BD-6684706E6832} = {5509C517-EB61-3755-89BD-6684706E6832}
		{4EF89EB0-9A1D-3DD1-A3D3-155C4ACC09C8} = {4EF89EB0-9A1D-3DD1-A3D3-155C4ACC09C8}
		{D4E53486-C21F-323C-9980-92CA1222E699} = {D4E53486-C21F-323C-9980-92CA1222E699}
		{287F3580-8C0A-3432-918D-ADB876C6170C} = {287F3580-8C0A-3432-918D-ADB876C6170C}
		{DEAAFF83-74BD-3F98-8755-2D79948C0D9A} = {DEAAFF83-74BD-3F98-8755-2D79948C0D9A}
		{D0D9F45D-0B50-3DA0-8CFE-0DC66AFD5A5F} = {D0D9F45D-0B50-3DA0-8CFE-0DC66AFD5A5F}
		{F20445FF-B3B9-3A04-8E64-7092DC57175C} = {F20445FF-B3B9-3A04-8E64-7092DC57175C}
		{53982123-D444-3CB9-BF2F-A99748470C69} = {53982123-D444-3CB9-BF2F-A99748470C69}
		{AD608E28-4AD5-36A5-B5E6-DF4269F667B5} = {AD608E28-4AD5-36A5-B5E6-DF4269F667B5}
		{4085AC6D-929C-3517-AF9F-A3CCDB89F06E} = {4085AC6D-929C-3517-AF9F-A3CCDB89F06E}
		{CFFE770E-D009-366A-B038-326CECEDF428} = {CFFE770E-D009-366A-B038-326CECEDF428}
		{FEEDE782-93EF-3C19-88B1-617151419F17} = {FEEDE782-93EF-3C19-88B1-617151419F17}
		{BB4492F8-A7D7-376F-8C12-F133D7E99857} = {BB4492F8-A7D7-376F-8C12-F133D7E99857}
		{60BAFCDB-1183-3191-B3E5-57DD3F2D30C8} = {60BAFCDB-1183-3191-B3E5-57DD3F2D30C8}
		{FD3A762F-668D-3B2B-BE06-1AB934A7FE7E} = {FD3A762F-668D-3B2B-BE06-1AB934A7FE7E}
		{A7EA9470-80A6-34D2-A73F-40B5F620B75B} = {A7EA9470-80A6-34D2-A73F-40B5F620B75B}
		{876F53EC-E55B-362B-BA39-361F314C6FBE} = {876F53EC-E55B-362B-BA39-361F314C6FBE}
	EndProjectSection
EndProject
Project("{8BC9CEB8-8B4A-11D0-8D11-00A0C91BC942}") = "Calibration", "examples\calibration\Calibration.vcxproj", "{60BAFCDB-1183-3191-B3E5-57DD3F2D30C8}"
	ProjectSection(ProjectDependencies) = postProject
		{A7EA9470-80A6-34D2-A73F-40B5F620B75B} = {A7EA9470-80A6-34D2-A73F-40B5F620B75B}
	EndProjectSection
EndProject
Project("{8BC9CEB8-8B4A-11D0-8D11-00A0C91BC942}") = "INSTALL", "INSTALL.vcxproj", "{639B265C-F24F-371C-BC88-C7923582563E}"
	ProjectSection(ProjectDependencies) = postProject
		{122B98FA-1CE8-3F5C-941A-0FCB757B1C38} = {122B98FA-1CE8-3F5C-941A-0FCB757B1C38}
	EndProjectSection
EndProject
Project("{8BC9CEB8-8B4A-11D0-8D11-00A0C91BC942}") = "openpose", "src\openpose\openpose.vcxproj", "{A7EA9470-80A6-34D2-A73F-40B5F620B75B}"
	ProjectSection(ProjectDependencies) = postProject
	EndProjectSection
EndProject
Project("{8BC9CEB8-8B4A-11D0-8D11-00A0C91BC942}") = "pyopenpose", "python\openpose\pyopenpose.vcxproj", "{876F53EC-E55B-362B-BA39-361F314C6FBE}"
	ProjectSection(ProjectDependencies) = postProject
		{A7EA9470-80A6-34D2-A73F-40B5F620B75B} = {A7EA9470-80A6-34D2-A73F-40B5F620B75B}
	EndProjectSection
EndProject
Global
	GlobalSection(SolutionConfigurationPlatforms) = preSolution
		Release|x64 = Release|x64
		Debug|x64 = Debug|x64
	EndGlobalSection
	GlobalSection(ProjectConfigurationPlatforms) = postSolution
		{FD3A762F-668D-3B2B-BE06-1AB934A7FE7E}.Release|x64.ActiveCfg = Release|x64
		{FD3A762F-668D-3B2B-BE06-1AB934A7FE7E}.Release|x64.Build.0 = Release|x64
		{FD3A762F-668D-3B2B-BE06-1AB934A7FE7E}.Debug|x64.ActiveCfg = Debug|x64
		{FD3A762F-668D-3B2B-BE06-1AB934A7FE7E}.Debug|x64.Build.0 = Debug|x64
		{5D8E9189-05C6-34F3-A4E2-8713A3C8537E}.Release|x64.ActiveCfg = Release|x64
		{5D8E9189-05C6-34F3-A4E2-8713A3C8537E}.Release|x64.Build.0 = Release|x64
		{5D8E9189-05C6-34F3-A4E2-8713A3C8537E}.Debug|x64.ActiveCfg = Debug|x64
		{5D8E9189-05C6-34F3-A4E2-8713A3C8537E}.Debug|x64.Build.0 = Debug|x64
		{D2A5968D-8CCF-3C4E-B587-F2ACC3B96F38}.Release|x64.ActiveCfg = Release|x64
		{D2A5968D-8CCF-3C4E-B587-F2ACC3B96F38}.Release|x64.Build.0 = Release|x64
		{D2A5968D-8CCF-3C4E-B587-F2ACC3B96F38}.Debug|x64.ActiveCfg = Debug|x64
		{D2A5968D-8CCF-3C4E-B587-F2ACC3B96F38}.Debug|x64.Build.0 = Debug|x64
		{75584824-2A5F-3172-AD57-F19C98E43ACA}.Release|x64.ActiveCfg = Release|x64
		{75584824-2A5F-3172-AD57-F19C98E43ACA}.Release|x64.Build.0 = Release|x64
		{75584824-2A5F-3172-AD57-F19C98E43ACA}.Debug|x64.ActiveCfg = Debug|x64
		{75584824-2A5F-3172-AD57-F19C98E43ACA}.Debug|x64.Build.0 = Debug|x64
		{271951E6-1C8C-33C1-981D-783A3B02BA07}.Release|x64.ActiveCfg = Release|x64
		{271951E6-1C8C-33C1-981D-783A3B02BA07}.Release|x64.Build.0 = Release|x64
		{271951E6-1C8C-33C1-981D-783A3B02BA07}.Debug|x64.ActiveCfg = Debug|x64
		{271951E6-1C8C-33C1-981D-783A3B02BA07}.Debug|x64.Build.0 = Debug|x64
		{EEC9366B-9078-3EEA-905D-9E1019445962}.Release|x64.ActiveCfg = Release|x64
		{EEC9366B-9078-3EEA-905D-9E1019445962}.Release|x64.Build.0 = Release|x64
		{EEC9366B-9078-3EEA-905D-9E1019445962}.Debug|x64.ActiveCfg = Debug|x64
		{EEC9366B-9078-3EEA-905D-9E1019445962}.Debug|x64.Build.0 = Debug|x64
		{9AF1546D-FB88-3A08-A407-45A482BE8EAB}.Release|x64.ActiveCfg = Release|x64
		{9AF1546D-FB88-3A08-A407-45A482BE8EAB}.Release|x64.Build.0 = Release|x64
		{9AF1546D-FB88-3A08-A407-45A482BE8EAB}.Debug|x64.ActiveCfg = Debug|x64
		{9AF1546D-FB88-3A08-A407-45A482BE8EAB}.Debug|x64.Build.0 = Debug|x64
		{28B7E283-11CE-38B1-AE1A-EF9FD2FF6F39}.Release|x64.ActiveCfg = Release|x64
		{28B7E283-11CE-38B1-AE1A-EF9FD2FF6F39}.Release|x64.Build.0 = Release|x64
		{28B7E283-11CE-38B1-AE1A-EF9FD2FF6F39}.Debug|x64.ActiveCfg = Debug|x64
		{28B7E283-11CE-38B1-AE1A-EF9FD2FF6F39}.Debug|x64.Build.0 = Debug|x64
		{55E3E58F-DC57-3F14-A3D1-C04D57B6A289}.Release|x64.ActiveCfg = Release|x64
		{55E3E58F-DC57-3F14-A3D1-C04D57B6A289}.Release|x64.Build.0 = Release|x64
		{55E3E58F-DC57-3F14-A3D1-C04D57B6A289}.Debug|x64.ActiveCfg = Debug|x64
		{55E3E58F-DC57-3F14-A3D1-C04D57B6A289}.Debug|x64.Build.0 = Debug|x64
		{5509C517-EB61-3755-89BD-6684706E6832}.Release|x64.ActiveCfg = Release|x64
		{5509C517-EB61-3755-89BD-6684706E6832}.Release|x64.Build.0 = Release|x64
		{5509C517-EB61-3755-89BD-6684706E6832}.Debug|x64.ActiveCfg = Debug|x64
		{5509C517-EB61-3755-89BD-6684706E6832}.Debug|x64.Build.0 = Debug|x64
		{4EF89EB0-9A1D-3DD1-A3D3-155C4ACC09C8}.Release|x64.ActiveCfg = Release|x64
		{4EF89EB0-9A1D-3DD1-A3D3-155C4ACC09C8}.Release|x64.Build.0 = Release|x64
		{4EF89EB0-9A1D-3DD1-A3D3-155C4ACC09C8}.Debug|x64.ActiveCfg = Debug|x64
		{4EF89EB0-9A1D-3DD1-A3D3-155C4ACC09C8}.Debug|x64.Build.0 = Debug|x64
		{D4E53486-C21F-323C-9980-92CA1222E699}.Release|x64.ActiveCfg = Release|x64
		{D4E53486-C21F-323C-9980-92CA1222E699}.Release|x64.Build.0 = Release|x64
		{D4E53486-C21F-323C-9980-92CA1222E699}.Debug|x64.ActiveCfg = Debug|x64
		{D4E53486-C21F-323C-9980-92CA1222E699}.Debug|x64.Build.0 = Debug|x64
		{287F3580-8C0A-3432-918D-ADB876C6170C}.Release|x64.ActiveCfg = Release|x64
		{287F3580-8C0A-3432-918D-ADB876C6170C}.Release|x64.Build.0 = Release|x64
		{287F3580-8C0A-3432-918D-ADB876C6170C}.Debug|x64.ActiveCfg = Debug|x64
		{287F3580-8C0A-3432-918D-ADB876C6170C}.Debug|x64.Build.0 = Debug|x64
		{DEAAFF83-74BD-3F98-8755-2D79948C0D9A}.Release|x64.ActiveCfg = Release|x64
		{DEAAFF83-74BD-3F98-8755-2D79948C0D9A}.Release|x64.Build.0 = Release|x64
		{DEAAFF83-74BD-3F98-8755-2D79948C0D9A}.Debug|x64.ActiveCfg = Debug|x64
		{DEAAFF83-74BD-3F98-8755-2D79948C0D9A}.Debug|x64.Build.0 = Debug|x64
		{D0D9F45D-0B50-3DA0-8CFE-0DC66AFD5A5F}.Release|x64.ActiveCfg = Release|x64
		{D0D9F45D-0B50-3DA0-8CFE-0DC66AFD5A5F}.Release|x64.Build.0 = Release|x64
		{D0D9F45D-0B50-3DA0-8CFE-0DC66AFD5A5F}.Debug|x64.ActiveCfg = Debug|x64
		{D0D9F45D-0B50-3DA0-8CFE-0DC66AFD5A5F}.Debug|x64.Build.0 = Debug|x64
		{F20445FF-B3B9-3A04-8E64-7092DC57175C}.Release|x64.ActiveCfg = Release|x64
		{F20445FF-B3B9-3A04-8E64-7092DC57175C}.Release|x64.Build.0 = Release|x64
		{F20445FF-B3B9-3A04-8E64-7092DC57175C}.Debug|x64.ActiveCfg = Debug|x64
		{F20445FF-B3B9-3A04-8E64-7092DC57175C}.Debug|x64.Build.0 = Debug|x64
		{53982123-D444-3CB9-BF2F-A99748470C69}.Release|x64.ActiveCfg = Release|x64
		{53982123-D444-3CB9-BF2F-A99748470C69}.Release|x64.Build.0 = Release|x64
		{53982123-D444-3CB9-BF2F-A99748470C69}.Debug|x64.ActiveCfg = Debug|x64
		{53982123-D444-3CB9-BF2F-A99748470C69}.Debug|x64.Build.0 = Debug|x64
		{AD608E28-4AD5-36A5-B5E6-DF4269F667B5}.Release|x64.ActiveCfg = Release|x64
		{AD608E28-4AD5-36A5-B5E6-DF4269F667B5}.Release|x64.Build.0 = Release|x64
		{AD608E28-4AD5-36A5-B5E6-DF4269F667B5}.Debug|x64.ActiveCfg = Debug|x64
		{AD608E28-4AD5-36A5-B5E6-DF4269F667B5}.Debug|x64.Build.0 = Debug|x64
		{4085AC6D-929C-3517-AF9F-A3CCDB89F06E}.Release|x64.ActiveCfg = Release|x64
		{4085AC6D-929C-3517-AF9F-A3CCDB89F06E}.Release|x64.Build.0 = Release|x64
		{4085AC6D-929C-3517-AF9F-A3CCDB89F06E}.Debug|x64.ActiveCfg = Debug|x64
		{4085AC6D-929C-3517-AF9F-A3CCDB89F06E}.Debug|x64.Build.0 = Debug|x64
		{CFFE770E-D009-366A-B038-326CECEDF428}.Release|x64.ActiveCfg = Release|x64
		{CFFE770E-D009-366A-B038-326CECEDF428}.Release|x64.Build.0 = Release|x64
		{CFFE770E-D009-366A-B038-326CECEDF428}.Debug|x64.ActiveCfg = Debug|x64
		{CFFE770E-D009-366A-B038-326CECEDF428}.Debug|x64.Build.0 = Debug|x64
		{FEEDE782-93EF-3C19-88B1-617151419F17}.Release|x64.ActiveCfg = Release|x64
		{FEEDE782-93EF-3C19-88B1-617151419F17}.Release|x64.Build.0 = Release|x64
		{FEEDE782-93EF-3C19-88B1-617151419F17}.Debug|x64.ActiveCfg = Debug|x64
		{FEEDE782-93EF-3C19-88B1-617151419F17}.Debug|x64.Build.0 = Debug|x64
		{BB4492F8-A7D7-376F-8C12-F133D7E99857}.Release|x64.ActiveCfg = Release|x64
		{BB4492F8-A7D7-376F-8C12-F133D7E99857}.Release|x64.Build.0 = Release|x64
		{BB4492F8-A7D7-376F-8C12-F133D7E99857}.Debug|x64.ActiveCfg = Debug|x64
		{BB4492F8-A7D7-376F-8C12-F133D7E99857}.Debug|x64.Build.0 = Debug|x64
		{122B98FA-1CE8-3F5C-941A-0FCB757B1C38}.Release|x64.ActiveCfg = Release|x64
		{122B98FA-1CE8-3F5C-941A-0FCB757B1C38}.Release|x64.Build.0 = Release|x64
		{122B98FA-1CE8-3F5C-941A-0FCB757B1C38}.Debug|x64.ActiveCfg = Debug|x64
		{122B98FA-1CE8-3F5C-941A-0FCB757B1C38}.Debug|x64.Build.0 = Debug|x64
		{60BAFCDB-1183-3191-B3E5-57DD3F2D30C8}.Release|x64.ActiveCfg = Release|x64
		{60BAFCDB-1183-3191-B3E5-57DD3F2D30C8}.Release|x64.Build.0 = Release|x64
		{60BAFCDB-1183-3191-B3E5-57DD3F2D30C8}.Debug|x64.ActiveCfg = Debug|x64
		{60BAFCDB-1183-3191-B3E5-57DD3F2D30C8}.Debug|x64.Build.0 = Debug|x64
		{639B265C-F24F-371C-BC88-C7923582563E}.Release|x64.ActiveCfg = Release|x64
		{639B265C-F24F-371C-BC88-C7923582563E}.Debug|x64.ActiveCfg = Debug|x64
		{A7EA9470-80A6-34D2-A73F-40B5F620B75B}.Release|x64.ActiveCfg = Release|x64
		{A7EA9470-80A6-34D2-A73F-40B5F620B75B}.Release|x64.Build.0 = Release|x64
		{A7EA9470-80A6-34D2-A73F-40B5F620B75B}.Debug|x64.ActiveCfg = Debug|x64
		{A7EA9470-80A6-34D2-A73F-40B5F620B75B}.Debug|x64.Build.0 = Debug|x64
		{876F53EC-E55B-362B-BA39-361F314C6FBE}.Release|x64.ActiveCfg = Release|x64
		{876F53EC-E55B-362B-BA39-361F314C6FBE}.Release|x64.Build.0 = Release|x64
		{876F53EC-E55B-362B-BA39-361F314C6FBE}.Debug|x64.ActiveCfg = Debug|x64
		{876F53EC-E55B-362B-BA39-361F314C6FBE}.Debug|x64.Build.0 = Debug|x64
	EndGlobalSection
	GlobalSection(NestedProjects) = preSolution
		{122B98FA-1CE8-3F5C-941A-0FCB757B1C38} = {627A9EC6-7F6A-39D5-AC38-33089FAAA6D3}
		{639B265C-F24F-371C-BC88-C7923582563E} = {627A9EC6-7F6A-39D5-AC38-33089FAAA6D3}
		{EE30986F-9B8D-3C10-AF28-3605E85D0E3C} = {C7E00158-624E-39D9-9C82-316A8D460528}
		{60BAFCDB-1183-3191-B3E5-57DD3F2D30C8} = {C7E00158-624E-39D9-9C82-316A8D460528}
		{FD3A762F-668D-3B2B-BE06-1AB934A7FE7E} = {C7E00158-624E-39D9-9C82-316A8D460528}
		{3715A0A1-1E19-389C-82EA-12D575BFA578} = {EE30986F-9B8D-3C10-AF28-3605E85D0E3C}
		{97FBEAA6-73CA-3FA8-B2C7-5D325CF9FF1D} = {EE30986F-9B8D-3C10-AF28-3605E85D0E3C}
		{FFFDA694-B89D-342C-99FD-4D46A64BCE03} = {EE30986F-9B8D-3C10-AF28-3605E85D0E3C}
		{CFFE770E-D009-366A-B038-326CECEDF428} = {3715A0A1-1E19-389C-82EA-12D575BFA578}
		{5D8E9189-05C6-34F3-A4E2-8713A3C8537E} = {97FBEAA6-73CA-3FA8-B2C7-5D325CF9FF1D}
		{D2A5968D-8CCF-3C4E-B587-F2ACC3B96F38} = {97FBEAA6-73CA-3FA8-B2C7-5D325CF9FF1D}
		{75584824-2A5F-3172-AD57-F19C98E43ACA} = {97FBEAA6-73CA-3FA8-B2C7-5D325CF9FF1D}
		{271951E6-1C8C-33C1-981D-783A3B02BA07} = {97FBEAA6-73CA-3FA8-B2C7-5D325CF9FF1D}
		{EEC9366B-9078-3EEA-905D-9E1019445962} = {97FBEAA6-73CA-3FA8-B2C7-5D325CF9FF1D}
		{9AF1546D-FB88-3A08-A407-45A482BE8EAB} = {97FBEAA6-73CA-3FA8-B2C7-5D325CF9FF1D}
		{28B7E283-11CE-38B1-AE1A-EF9FD2FF6F39} = {97FBEAA6-73CA-3FA8-B2C7-5D325CF9FF1D}
		{55E3E58F-DC57-3F14-A3D1-C04D57B6A289} = {97FBEAA6-73CA-3FA8-B2C7-5D325CF9FF1D}
		{5509C517-EB61-3755-89BD-6684706E6832} = {97FBEAA6-73CA-3FA8-B2C7-5D325CF9FF1D}
		{4EF89EB0-9A1D-3DD1-A3D3-155C4ACC09C8} = {97FBEAA6-73CA-3FA8-B2C7-5D325CF9FF1D}
		{D4E53486-C21F-323C-9980-92CA1222E699} = {97FBEAA6-73CA-3FA8-B2C7-5D325CF9FF1D}
		{287F3580-8C0A-3432-918D-ADB876C6170C} = {97FBEAA6-73CA-3FA8-B2C7-5D325CF9FF1D}
		{DEAAFF83-74BD-3F98-8755-2D79948C0D9A} = {97FBEAA6-73CA-3FA8-B2C7-5D325CF9FF1D}
		{D0D9F45D-0B50-3DA0-8CFE-0DC66AFD5A5F} = {97FBEAA6-73CA-3FA8-B2C7-5D325CF9FF1D}
		{F20445FF-B3B9-3A04-8E64-7092DC57175C} = {97FBEAA6-73CA-3FA8-B2C7-5D325CF9FF1D}
		{53982123-D444-3CB9-BF2F-A99748470C69} = {97FBEAA6-73CA-3FA8-B2C7-5D325CF9FF1D}
		{AD608E28-4AD5-36A5-B5E6-DF4269F667B5} = {97FBEAA6-73CA-3FA8-B2C7-5D325CF9FF1D}
		{4085AC6D-929C-3517-AF9F-A3CCDB89F06E} = {97FBEAA6-73CA-3FA8-B2C7-5D325CF9FF1D}
		{FEEDE782-93EF-3C19-88B1-617151419F17} = {FFFDA694-B89D-342C-99FD-4D46A64BCE03}
		{BB4492F8-A7D7-376F-8C12-F133D7E99857} = {FFFDA694-B89D-342C-99FD-4D46A64BCE03}
		{A7EA9470-80A6-34D2-A73F-40B5F620B75B} = {5ACEAFF9-2787-36DF-A122-544C1DCBA10C}
	EndGlobalSection
	GlobalSection(ExtensibilityGlobals) = postSolution
		SolutionGuid = {CBE679A3-0D91-3045-913C-06204BB3DA77}
	EndGlobalSection
	GlobalSection(ExtensibilityAddIns) = postSolution
	EndGlobalSection
EndGlobal
